
Microsoft Visual Studio Solution File, Format Version 12.00
# Visual Studio Version 17
VisualStudioVersion = 17.4.33213.308
MinimumVisualStudioVersion = 10.0.40219.1
Project("{9A19103F-16F7-4668-BE54-9A1E7A4F7556}") = "BulkyBookWeb", "BulkyBookWeb\BulkyBookWeb.csproj", "{03E68371-20C2-4C5A-ADFC-0F659CA030D6}"
EndProject
Project("{FAE04EC0-301F-11D3-BF4B-00C04F79EFBC}") = "BulkyBook.DataAccess", "BulkyBook.DataAccess\BulkyBook.DataAccess.csproj", "{C6BB9480-1F5E-4DD5-A647-2FA47D15DE65}"
EndProject
Project("{FAE04EC0-301F-11D3-BF4B-00C04F79EFBC}") = "BulkyBook.Models", "BulkyBook.Models\BulkyBook.Models.csproj", "{A9AB3BAE-9D15-49E3-ADB0-54349D2B74DA}"
EndProject
Project("{FAE04EC0-301F-11D3-BF4B-00C04F79EFBC}") = "BulkyBook.Utility", "BulkyBook.Utility\BulkyBook.Utility.csproj", "{54130394-E57B-4498-848E-503FD7F036B6}"
EndProject
Global
	GlobalSection(SolutionConfigurationPlatforms) = preSolution
		Debug|Any CPU = Debug|Any CPU
		Release|Any CPU = Release|Any CPU
	EndGlobalSection
	GlobalSection(ProjectConfigurationPlatforms) = postSolution
		{03E68371-20C2-4C5A-ADFC-0F659CA030D6}.Debug|Any CPU.ActiveCfg = Debug|Any CPU
		{03E68371-20C2-4C5A-ADFC-0F659CA030D6}.Debug|Any CPU.Build.0 = Debug|Any CPU
		{03E68371-20C2-4C5A-ADFC-0F659CA030D6}.Release|Any CPU.ActiveCfg = Release|Any CPU
		{03E68371-20C2-4C5A-ADFC-0F659CA030D6}.Release|Any CPU.Build.0 = Release|Any CPU
		{C6BB9480-1F5E-4DD5-A647-2FA47D15DE65}.Debug|Any CPU.ActiveCfg = Debug|Any CPU
		{C6BB9480-1F5E-4DD5-A647-2FA47D15DE65}.Debug|Any CPU.Build.0 = Debug|Any CPU
		{C6BB9480-1F5E-4DD5-A647-2FA47D15DE65}.Release|Any CPU.ActiveCfg = Release|Any CPU
		{C6BB9480-1F5E-4DD5-A647-2FA47D15DE65}.Release|Any CPU.Build.0 = Release|Any CPU
		{A9AB3BAE-9D15-49E3-ADB0-54349D2B74DA}.Debug|Any CPU.ActiveCfg = Debug|Any CPU
		{A9AB3BAE-9D15-49E3-ADB0-54349D2B74DA}.Debug|Any CPU.Build.0 = Debug|Any CPU
		{A9AB3BAE-9D15-49E3-ADB0-54349D2B74DA}.Release|Any CPU.ActiveCfg = Release|Any CPU
		{A9AB3BAE-9D15-49E3-ADB0-54349D2B74DA}.Release|Any CPU.Build.0 = Release|Any CPU
		{54130394-E57B-4498-848E-503FD7F036B6}.Debug|Any CPU.ActiveCfg = Debug|Any CPU
		{54130394-E57B-4498-848E-503FD7F036B6}.Debug|Any CPU.Build.0 = Debug|Any CPU
		{54130394-E57B-4498-848E-503FD7F036B6}.Release|Any CPU.ActiveCfg = Release|Any CPU
		{54130394-E57B-4498-848E-503FD7F036B6}.Release|Any CPU.Build.0 = Release|Any CPU
	EndGlobalSection
	GlobalSection(SolutionProperties) = preSolution
		HideSolutionNode = FALSE
	EndGlobalSection
	GlobalSection(ExtensibilityGlobals) = postSolution
		SolutionGuid = {35282D1F-C3DB-4694-B3DD-27DD5F33C708}
	EndGlobalSection
EndGlobal
